
Microsoft Visual Studio Solution File, Format Version 12.00
# Visual Studio Version 16
VisualStudioVersion = 16.0.29503.13
MinimumVisualStudioVersion = 10.0.40219.1
Project("{535C04D7-A2A5-47C7-83E0-B340A995CD1F}") = "CBLHJB01", "CBLHJB01.cblproj", "{F56B5F4D-A8DD-4282-A6DF-BAE27EC28962}"
EndProject
Global
	GlobalSection(SolutionConfigurationPlatforms) = preSolution
		Debug|x86 = Debug|x86
		Release|x86 = Release|x86
	EndGlobalSection
	GlobalSection(ProjectConfigurationPlatforms) = postSolution
		{F56B5F4D-A8DD-4282-A6DF-BAE27EC28962}.Debug|x86.ActiveCfg = Debug|x86
		{F56B5F4D-A8DD-4282-A6DF-BAE27EC28962}.Debug|x86.Build.0 = Debug|x86
		{F56B5F4D-A8DD-4282-A6DF-BAE27EC28962}.Release|x86.ActiveCfg = Release|x86
		{F56B5F4D-A8DD-4282-A6DF-BAE27EC28962}.Release|x86.Build.0 = Release|x86
	EndGlobalSection
	GlobalSection(SolutionProperties) = preSolution
		HideSolutionNode = FALSE
	EndGlobalSection
	GlobalSection(ExtensibilityGlobals) = postSolution
		SolutionGuid = {836F4C40-AC4A-44F9-9836-E638F4A782FE}
	EndGlobalSection
EndGlobal
